// !$*UTF8*$!
{
	archiveVersion = 1;
	classes = {
	};
	objectVersion = 46;
	objects = {

/* Begin PBXBuildFile section */
		CF3F0C8D1EE7FFC100001BE9 /* CollectionViewCell.swift in Sources */ = {isa = PBXBuildFile; fileRef = CF3F0C8C1EE7FFC100001BE9 /* CollectionViewCell.swift */; };
		CF3F0C921EE818D900001BE9 /* image12.jpg in Resources */ = {isa = PBXBuildFile; fileRef = CF3F0C8E1EE818D900001BE9 /* image12.jpg */; };
		CF3F0C931EE818D900001BE9 /* image13.jpg in Resources */ = {isa = PBXBuildFile; fileRef = CF3F0C8F1EE818D900001BE9 /* image13.jpg */; };
		CF3F0C941EE818D900001BE9 /* image14.jpg in Resources */ = {isa = PBXBuildFile; fileRef = CF3F0C901EE818D900001BE9 /* image14.jpg */; };
		CF3F0C951EE818D900001BE9 /* image15.jpeg in Resources */ = {isa = PBXBuildFile; fileRef = CF3F0C911EE818D900001BE9 /* image15.jpeg */; };
		CF3F0C971EE81CE900001BE9 /* ViewController.swift in Sources */ = {isa = PBXBuildFile; fileRef = CF3F0C961EE81CE900001BE9 /* ViewController.swift */; };
		CF3F0C991EE82EEC00001BE9 /* AlbumVC.swift in Sources */ = {isa = PBXBuildFile; fileRef = CF3F0C981EE82EEC00001BE9 /* AlbumVC.swift */; };
		CF3F0CA11EE8318C00001BE9 /* image16.jpg in Resources */ = {isa = PBXBuildFile; fileRef = CF3F0C9B1EE8318C00001BE9 /* image16.jpg */; };
		CF3F0CA21EE8318C00001BE9 /* image17.jpeg in Resources */ = {isa = PBXBuildFile; fileRef = CF3F0C9C1EE8318C00001BE9 /* image17.jpeg */; };
		CF3F0CA31EE8318C00001BE9 /* image18.jpg in Resources */ = {isa = PBXBuildFile; fileRef = CF3F0C9D1EE8318C00001BE9 /* image18.jpg */; };
		CF3F0CA41EE8318C00001BE9 /* image19.jpg in Resources */ = {isa = PBXBuildFile; fileRef = CF3F0C9E1EE8318C00001BE9 /* image19.jpg */; };
		CF3F0CA51EE8318C00001BE9 /* image20.jpg in Resources */ = {isa = PBXBuildFile; fileRef = CF3F0C9F1EE8318C00001BE9 /* image20.jpg */; };
		CF3F0CA61EE8318C00001BE9 /* image21.jpg in Resources */ = {isa = PBXBuildFile; fileRef = CF3F0CA01EE8318C00001BE9 /* image21.jpg */; };
		CF3F0CA81EE836B400001BE9 /* AlbumCell.swift in Sources */ = {isa = PBXBuildFile; fileRef = CF3F0CA71EE836B400001BE9 /* AlbumCell.swift */; };
		CF3F0CAA1EE8420600001BE9 /* headerInAlbumVC.swift in Sources */ = {isa = PBXBuildFile; fileRef = CF3F0CA91EE8420600001BE9 /* headerInAlbumVC.swift */; };
		CF8B74431EE7D83F0019BE0C /* AppDelegate.swift in Sources */ = {isa = PBXBuildFile; fileRef = CF8B74421EE7D83F0019BE0C /* AppDelegate.swift */; };
		CF8B74481EE7D83F0019BE0C /* Main.storyboard in Resources */ = {isa = PBXBuildFile; fileRef = CF8B74461EE7D83F0019BE0C /* Main.storyboard */; };
		CF8B744A1EE7D83F0019BE0C /* Assets.xcassets in Resources */ = {isa = PBXBuildFile; fileRef = CF8B74491EE7D83F0019BE0C /* Assets.xcassets */; };
		CF8B744D1EE7D83F0019BE0C /* LaunchScreen.storyboard in Resources */ = {isa = PBXBuildFile; fileRef = CF8B744B1EE7D83F0019BE0C /* LaunchScreen.storyboard */; };
		CF8B74581EE7D83F0019BE0C /* collectionViewControllerTests.swift in Sources */ = {isa = PBXBuildFile; fileRef = CF8B74571EE7D83F0019BE0C /* collectionViewControllerTests.swift */; };
		CF8B74631EE7D83F0019BE0C /* collectionViewControllerUITests.swift in Sources */ = {isa = PBXBuildFile; fileRef = CF8B74621EE7D83F0019BE0C /* collectionViewControllerUITests.swift */; };
		CF8B74731EE7D9400019BE0C /* CollectionViewController.swift in Sources */ = {isa = PBXBuildFile; fileRef = CF8B74721EE7D9400019BE0C /* CollectionViewController.swift */; };
		CF8B74971EE7EE2E0019BE0C /* image1.jpeg in Resources */ = {isa = PBXBuildFile; fileRef = CF8B748C1EE7EE2E0019BE0C /* image1.jpeg */; };
		CF8B74981EE7EE2E0019BE0C /* image10.jpeg in Resources */ = {isa = PBXBuildFile; fileRef = CF8B748D1EE7EE2E0019BE0C /* image10.jpeg */; };
		CF8B74991EE7EE2E0019BE0C /* image11.jpg in Resources */ = {isa = PBXBuildFile; fileRef = CF8B748E1EE7EE2E0019BE0C /* image11.jpg */; };
		CF8B749A1EE7EE2E0019BE0C /* image2.jpeg in Resources */ = {isa = PBXBuildFile; fileRef = CF8B748F1EE7EE2E0019BE0C /* image2.jpeg */; };
		CF8B749B1EE7EE2E0019BE0C /* image3.jpeg in Resources */ = {isa = PBXBuildFile; fileRef = CF8B74901EE7EE2E0019BE0C /* image3.jpeg */; };
		CF8B749C1EE7EE2E0019BE0C /* image4.jpeg in Resources */ = {isa = PBXBuildFile; fileRef = CF8B74911EE7EE2E0019BE0C /* image4.jpeg */; };
		CF8B749D1EE7EE2E0019BE0C /* image5.jpg in Resources */ = {isa = PBXBuildFile; fileRef = CF8B74921EE7EE2E0019BE0C /* image5.jpg */; };
		CF8B749E1EE7EE2E0019BE0C /* image6.jpg in Resources */ = {isa = PBXBuildFile; fileRef = CF8B74931EE7EE2E0019BE0C /* image6.jpg */; };
		CF8B749F1EE7EE2E0019BE0C /* image7.jpg in Resources */ = {isa = PBXBuildFile; fileRef = CF8B74941EE7EE2E0019BE0C /* image7.jpg */; };
		CF8B74A01EE7EE2E0019BE0C /* image8.jpg in Resources */ = {isa = PBXBuildFile; fileRef = CF8B74951EE7EE2E0019BE0C /* image8.jpg */; };
		CF8B74A11EE7EE2E0019BE0C /* image9.jpg in Resources */ = {isa = PBXBuildFile; fileRef = CF8B74961EE7EE2E0019BE0C /* image9.jpg */; };
/* End PBXBuildFile section */

/* Begin PBXContainerItemProxy section */
		CF8B74541EE7D83F0019BE0C /* PBXContainerItemProxy */ = {
			isa = PBXContainerItemProxy;
			containerPortal = CF8B74371EE7D83E0019BE0C /* Project object */;
			proxyType = 1;
			remoteGlobalIDString = CF8B743E1EE7D83E0019BE0C;
			remoteInfo = collectionViewController;
		};
		CF8B745F1EE7D83F0019BE0C /* PBXContainerItemProxy */ = {
			isa = PBXContainerItemProxy;
			containerPortal = CF8B74371EE7D83E0019BE0C /* Project object */;
			proxyType = 1;
			remoteGlobalIDString = CF8B743E1EE7D83E0019BE0C;
			remoteInfo = collectionViewController;
		};
/* End PBXContainerItemProxy section */

/* Begin PBXFileReference section */
		CF3F0C8C1EE7FFC100001BE9 /* CollectionViewCell.swift */ = {isa = PBXFileReference; fileEncoding = 4; lastKnownFileType = sourcecode.swift; path = CollectionViewCell.swift; sourceTree = "<group>"; };
		CF3F0C8E1EE818D900001BE9 /* image12.jpg */ = {isa = PBXFileReference; lastKnownFileType = image.jpeg; path = image12.jpg; sourceTree = "<group>"; };
		CF3F0C8F1EE818D900001BE9 /* image13.jpg */ = {isa = PBXFileReference; lastKnownFileType = image.jpeg; path = image13.jpg; sourceTree = "<group>"; };
		CF3F0C901EE818D900001BE9 /* image14.jpg */ = {isa = PBXFileReference; lastKnownFileType = image.jpeg; path = image14.jpg; sourceTree = "<group>"; };
		CF3F0C911EE818D900001BE9 /* image15.jpeg */ = {isa = PBXFileReference; lastKnownFileType = image.jpeg; path = image15.jpeg; sourceTree = "<group>"; };
		CF3F0C961EE81CE900001BE9 /* ViewController.swift */ = {isa = PBXFileReference; fileEncoding = 4; lastKnownFileType = sourcecode.swift; path = ViewController.swift; sourceTree = "<group>"; };
		CF3F0C981EE82EEC00001BE9 /* AlbumVC.swift */ = {isa = PBXFileReference; fileEncoding = 4; lastKnownFileType = sourcecode.swift; path = AlbumVC.swift; sourceTree = "<group>"; };
		CF3F0C9B1EE8318C00001BE9 /* image16.jpg */ = {isa = PBXFileReference; lastKnownFileType = image.jpeg; path = image16.jpg; sourceTree = "<group>"; };
		CF3F0C9C1EE8318C00001BE9 /* image17.jpeg */ = {isa = PBXFileReference; lastKnownFileType = image.jpeg; path = image17.jpeg; sourceTree = "<group>"; };
		CF3F0C9D1EE8318C00001BE9 /* image18.jpg */ = {isa = PBXFileReference; lastKnownFileType = image.jpeg; path = image18.jpg; sourceTree = "<group>"; };
		CF3F0C9E1EE8318C00001BE9 /* image19.jpg */ = {isa = PBXFileReference; lastKnownFileType = image.jpeg; path = image19.jpg; sourceTree = "<group>"; };
		CF3F0C9F1EE8318C00001BE9 /* image20.jpg */ = {isa = PBXFileReference; lastKnownFileType = image.jpeg; path = image20.jpg; sourceTree = "<group>"; };
		CF3F0CA01EE8318C00001BE9 /* image21.jpg */ = {isa = PBXFileReference; lastKnownFileType = image.jpeg; path = image21.jpg; sourceTree = "<group>"; };
		CF3F0CA71EE836B400001BE9 /* AlbumCell.swift */ = {isa = PBXFileReference; fileEncoding = 4; lastKnownFileType = sourcecode.swift; path = AlbumCell.swift; sourceTree = "<group>"; };
		CF3F0CA91EE8420600001BE9 /* headerInAlbumVC.swift */ = {isa = PBXFileReference; fileEncoding = 4; lastKnownFileType = sourcecode.swift; path = headerInAlbumVC.swift; sourceTree = "<group>"; };
		CF8B743F1EE7D83E0019BE0C /* collectionViewController.app */ = {isa = PBXFileReference; explicitFileType = wrapper.application; includeInIndex = 0; path = collectionViewController.app; sourceTree = BUILT_PRODUCTS_DIR; };
		CF8B74421EE7D83F0019BE0C /* AppDelegate.swift */ = {isa = PBXFileReference; lastKnownFileType = sourcecode.swift; path = AppDelegate.swift; sourceTree = "<group>"; };
		CF8B74471EE7D83F0019BE0C /* Base */ = {isa = PBXFileReference; lastKnownFileType = file.storyboard; name = Base; path = Base.lproj/Main.storyboard; sourceTree = "<group>"; };
		CF8B74491EE7D83F0019BE0C /* Assets.xcassets */ = {isa = PBXFileReference; lastKnownFileType = folder.assetcatalog; path = Assets.xcassets; sourceTree = "<group>"; };
		CF8B744C1EE7D83F0019BE0C /* Base */ = {isa = PBXFileReference; lastKnownFileType = file.storyboard; name = Base; path = Base.lproj/LaunchScreen.storyboard; sourceTree = "<group>"; };
		CF8B744E1EE7D83F0019BE0C /* Info.plist */ = {isa = PBXFileReference; lastKnownFileType = text.plist.xml; path = Info.plist; sourceTree = "<group>"; };
		CF8B74531EE7D83F0019BE0C /* collectionViewControllerTests.xctest */ = {isa = PBXFileReference; explicitFileType = wrapper.cfbundle; includeInIndex = 0; path = collectionViewControllerTests.xctest; sourceTree = BUILT_PRODUCTS_DIR; };
		CF8B74571EE7D83F0019BE0C /* collectionViewControllerTests.swift */ = {isa = PBXFileReference; lastKnownFileType = sourcecode.swift; path = collectionViewControllerTests.swift; sourceTree = "<group>"; };
		CF8B74591EE7D83F0019BE0C /* Info.plist */ = {isa = PBXFileReference; lastKnownFileType = text.plist.xml; path = Info.plist; sourceTree = "<group>"; };
		CF8B745E1EE7D83F0019BE0C /* collectionViewControllerUITests.xctest */ = {isa = PBXFileReference; explicitFileType = wrapper.cfbundle; includeInIndex = 0; path = collectionViewControllerUITests.xctest; sourceTree = BUILT_PRODUCTS_DIR; };
		CF8B74621EE7D83F0019BE0C /* collectionViewControllerUITests.swift */ = {isa = PBXFileReference; lastKnownFileType = sourcecode.swift; path = collectionViewControllerUITests.swift; sourceTree = "<group>"; };
		CF8B74641EE7D83F0019BE0C /* Info.plist */ = {isa = PBXFileReference; lastKnownFileType = text.plist.xml; path = Info.plist; sourceTree = "<group>"; };
		CF8B74721EE7D9400019BE0C /* CollectionViewController.swift */ = {isa = PBXFileReference; fileEncoding = 4; lastKnownFileType = sourcecode.swift; path = CollectionViewController.swift; sourceTree = "<group>"; };
		CF8B748C1EE7EE2E0019BE0C /* image1.jpeg */ = {isa = PBXFileReference; lastKnownFileType = image.jpeg; path = image1.jpeg; sourceTree = "<group>"; };
		CF8B748D1EE7EE2E0019BE0C /* image10.jpeg */ = {isa = PBXFileReference; lastKnownFileType = image.jpeg; path = image10.jpeg; sourceTree = "<group>"; };
		CF8B748E1EE7EE2E0019BE0C /* image11.jpg */ = {isa = PBXFileReference; lastKnownFileType = image.jpeg; path = image11.jpg; sourceTree = "<group>"; };
		CF8B748F1EE7EE2E0019BE0C /* image2.jpeg */ = {isa = PBXFileReference; lastKnownFileType = image.jpeg; path = image2.jpeg; sourceTree = "<group>"; };
		CF8B74901EE7EE2E0019BE0C /* image3.jpeg */ = {isa = PBXFileReference; lastKnownFileType = image.jpeg; path = image3.jpeg; sourceTree = "<group>"; };
		CF8B74911EE7EE2E0019BE0C /* image4.jpeg */ = {isa = PBXFileReference; lastKnownFileType = image.jpeg; path = image4.jpeg; sourceTree = "<group>"; };
		CF8B74921EE7EE2E0019BE0C /* image5.jpg */ = {isa = PBXFileReference; lastKnownFileType = image.jpeg; path = image5.jpg; sourceTree = "<group>"; };
		CF8B74931EE7EE2E0019BE0C /* image6.jpg */ = {isa = PBXFileReference; lastKnownFileType = image.jpeg; path = image6.jpg; sourceTree = "<group>"; };
		CF8B74941EE7EE2E0019BE0C /* image7.jpg */ = {isa = PBXFileReference; lastKnownFileType = image.jpeg; path = image7.jpg; sourceTree = "<group>"; };
		CF8B74951EE7EE2E0019BE0C /* image8.jpg */ = {isa = PBXFileReference; lastKnownFileType = image.jpeg; path = image8.jpg; sourceTree = "<group>"; };
		CF8B74961EE7EE2E0019BE0C /* image9.jpg */ = {isa = PBXFileReference; lastKnownFileType = image.jpeg; path = image9.jpg; sourceTree = "<group>"; };
/* End PBXFileReference section */

/* Begin PBXFrameworksBuildPhase section */
		CF8B743C1EE7D83E0019BE0C /* Frameworks */ = {
			isa = PBXFrameworksBuildPhase;
			buildActionMask = 2147483647;
			files = (
			);
			runOnlyForDeploymentPostprocessing = 0;
		};
		CF8B74501EE7D83F0019BE0C /* Frameworks */ = {
			isa = PBXFrameworksBuildPhase;
			buildActionMask = 2147483647;
			files = (
			);
			runOnlyForDeploymentPostprocessing = 0;
		};
		CF8B745B1EE7D83F0019BE0C /* Frameworks */ = {
			isa = PBXFrameworksBuildPhase;
			buildActionMask = 2147483647;
			files = (
			);
			runOnlyForDeploymentPostprocessing = 0;
		};
/* End PBXFrameworksBuildPhase section */

/* Begin PBXGroup section */
		CF3F0C9A1EE8318C00001BE9 /* aset2 */ = {
			isa = PBXGroup;
			children = (
				CF3F0C9B1EE8318C00001BE9 /* image16.jpg */,
				CF3F0C9C1EE8318C00001BE9 /* image17.jpeg */,
				CF3F0C9D1EE8318C00001BE9 /* image18.jpg */,
				CF3F0C9E1EE8318C00001BE9 /* image19.jpg */,
				CF3F0C9F1EE8318C00001BE9 /* image20.jpg */,
				CF3F0CA01EE8318C00001BE9 /* image21.jpg */,
			);
			path = aset2;
			sourceTree = "<group>";
		};
		CF8B74361EE7D83E0019BE0C = {
			isa = PBXGroup;
			children = (
				CF8B74411EE7D83E0019BE0C /* collectionViewController */,
				CF8B74561EE7D83F0019BE0C /* collectionViewControllerTests */,
				CF8B74611EE7D83F0019BE0C /* collectionViewControllerUITests */,
				CF8B74401EE7D83E0019BE0C /* Products */,
			);
			sourceTree = "<group>";
		};
		CF8B74401EE7D83E0019BE0C /* Products */ = {
			isa = PBXGroup;
			children = (
				CF8B743F1EE7D83E0019BE0C /* collectionViewController.app */,
				CF8B74531EE7D83F0019BE0C /* collectionViewControllerTests.xctest */,
				CF8B745E1EE7D83F0019BE0C /* collectionViewControllerUITests.xctest */,
			);
			name = Products;
			sourceTree = "<group>";
		};
		CF8B74411EE7D83E0019BE0C /* collectionViewController */ = {
			isa = PBXGroup;
			children = (
				CF8B748B1EE7EE2E0019BE0C /* aset */,
				CF3F0C9A1EE8318C00001BE9 /* aset2 */,
				CF8B74421EE7D83F0019BE0C /* AppDelegate.swift */,
				CF3F0C981EE82EEC00001BE9 /* AlbumVC.swift */,
				CF3F0CA91EE8420600001BE9 /* headerInAlbumVC.swift */,
				CF3F0CA71EE836B400001BE9 /* AlbumCell.swift */,
				CF8B74721EE7D9400019BE0C /* CollectionViewController.swift */,
				CF3F0C8C1EE7FFC100001BE9 /* CollectionViewCell.swift */,
				CF3F0C961EE81CE900001BE9 /* ViewController.swift */,
				CF8B74461EE7D83F0019BE0C /* Main.storyboard */,
				CF8B74491EE7D83F0019BE0C /* Assets.xcassets */,
				CF8B744B1EE7D83F0019BE0C /* LaunchScreen.storyboard */,
				CF8B744E1EE7D83F0019BE0C /* Info.plist */,
			);
			path = collectionViewController;
			sourceTree = "<group>";
		};
		CF8B74561EE7D83F0019BE0C /* collectionViewControllerTests */ = {
			isa = PBXGroup;
			children = (
				CF8B74571EE7D83F0019BE0C /* collectionViewControllerTests.swift */,
				CF8B74591EE7D83F0019BE0C /* Info.plist */,
			);
			path = collectionViewControllerTests;
			sourceTree = "<group>";
		};
		CF8B74611EE7D83F0019BE0C /* collectionViewControllerUITests */ = {
			isa = PBXGroup;
			children = (
				CF8B74621EE7D83F0019BE0C /* collectionViewControllerUITests.swift */,
				CF8B74641EE7D83F0019BE0C /* Info.plist */,
			);
			path = collectionViewControllerUITests;
			sourceTree = "<group>";
		};
		CF8B748B1EE7EE2E0019BE0C /* aset */ = {
			isa = PBXGroup;
			children = (
				CF3F0C8E1EE818D900001BE9 /* image12.jpg */,
				CF3F0C8F1EE818D900001BE9 /* image13.jpg */,
				CF3F0C901EE818D900001BE9 /* image14.jpg */,
				CF3F0C911EE818D900001BE9 /* image15.jpeg */,
				CF8B748C1EE7EE2E0019BE0C /* image1.jpeg */,
				CF8B748D1EE7EE2E0019BE0C /* image10.jpeg */,
				CF8B748E1EE7EE2E0019BE0C /* image11.jpg */,
				CF8B748F1EE7EE2E0019BE0C /* image2.jpeg */,
				CF8B74901EE7EE2E0019BE0C /* image3.jpeg */,
				CF8B74911EE7EE2E0019BE0C /* image4.jpeg */,
				CF8B74921EE7EE2E0019BE0C /* image5.jpg */,
				CF8B74931EE7EE2E0019BE0C /* image6.jpg */,
				CF8B74941EE7EE2E0019BE0C /* image7.jpg */,
				CF8B74951EE7EE2E0019BE0C /* image8.jpg */,
				CF8B74961EE7EE2E0019BE0C /* image9.jpg */,
			);
			path = aset;
			sourceTree = "<group>";
		};
/* End PBXGroup section */

/* Begin PBXNativeTarget section */
		CF8B743E1EE7D83E0019BE0C /* collectionViewController */ = {
			isa = PBXNativeTarget;
			buildConfigurationList = CF8B74671EE7D83F0019BE0C /* Build configuration list for PBXNativeTarget "collectionViewController" */;
			buildPhases = (
				CF8B743B1EE7D83E0019BE0C /* Sources */,
				CF8B743C1EE7D83E0019BE0C /* Frameworks */,
				CF8B743D1EE7D83E0019BE0C /* Resources */,
			);
			buildRules = (
			);
			dependencies = (
			);
			name = collectionViewController;
			productName = collectionViewController;
			productReference = CF8B743F1EE7D83E0019BE0C /* collectionViewController.app */;
			productType = "com.apple.product-type.application";
		};
		CF8B74521EE7D83F0019BE0C /* collectionViewControllerTests */ = {
			isa = PBXNativeTarget;
			buildConfigurationList = CF8B746A1EE7D83F0019BE0C /* Build configuration list for PBXNativeTarget "collectionViewControllerTests" */;
			buildPhases = (
				CF8B744F1EE7D83F0019BE0C /* Sources */,
				CF8B74501EE7D83F0019BE0C /* Frameworks */,
				CF8B74511EE7D83F0019BE0C /* Resources */,
			);
			buildRules = (
			);
			dependencies = (
				CF8B74551EE7D83F0019BE0C /* PBXTargetDependency */,
			);
			name = collectionViewControllerTests;
			productName = collectionViewControllerTests;
			productReference = CF8B74531EE7D83F0019BE0C /* collectionViewControllerTests.xctest */;
			productType = "com.apple.product-type.bundle.unit-test";
		};
		CF8B745D1EE7D83F0019BE0C /* collectionViewControllerUITests */ = {
			isa = PBXNativeTarget;
			buildConfigurationList = CF8B746D1EE7D83F0019BE0C /* Build configuration list for PBXNativeTarget "collectionViewControllerUITests" */;
			buildPhases = (
				CF8B745A1EE7D83F0019BE0C /* Sources */,
				CF8B745B1EE7D83F0019BE0C /* Frameworks */,
				CF8B745C1EE7D83F0019BE0C /* Resources */,
			);
			buildRules = (
			);
			dependencies = (
				CF8B74601EE7D83F0019BE0C /* PBXTargetDependency */,
			);
			name = collectionViewControllerUITests;
			productName = collectionViewControllerUITests;
			productReference = CF8B745E1EE7D83F0019BE0C /* collectionViewControllerUITests.xctest */;
			productType = "com.apple.product-type.bundle.ui-testing";
		};
/* End PBXNativeTarget section */

/* Begin PBXProject section */
		CF8B74371EE7D83E0019BE0C /* Project object */ = {
			isa = PBXProject;
			attributes = {
				LastSwiftUpdateCheck = 0830;
				LastUpgradeCheck = 0830;
				ORGANIZATIONNAME = "Luthfi Fathur Rahman";
				TargetAttributes = {
					CF8B743E1EE7D83E0019BE0C = {
						CreatedOnToolsVersion = 8.3.3;
						DevelopmentTeam = 2L6QV2N95T;
						ProvisioningStyle = Automatic;
					};
					CF8B74521EE7D83F0019BE0C = {
						CreatedOnToolsVersion = 8.3.3;
						DevelopmentTeam = 2L6QV2N95T;
						ProvisioningStyle = Automatic;
						TestTargetID = CF8B743E1EE7D83E0019BE0C;
					};
					CF8B745D1EE7D83F0019BE0C = {
						CreatedOnToolsVersion = 8.3.3;
						DevelopmentTeam = 2L6QV2N95T;
						ProvisioningStyle = Automatic;
						TestTargetID = CF8B743E1EE7D83E0019BE0C;
					};
				};
			};
			buildConfigurationList = CF8B743A1EE7D83E0019BE0C /* Build configuration list for PBXProject "collectionViewController" */;
			compatibilityVersion = "Xcode 3.2";
			developmentRegion = English;
			hasScannedForEncodings = 0;
			knownRegions = (
				en,
				Base,
			);
			mainGroup = CF8B74361EE7D83E0019BE0C;
			productRefGroup = CF8B74401EE7D83E0019BE0C /* Products */;
			projectDirPath = "";
			projectRoot = "";
			targets = (
				CF8B743E1EE7D83E0019BE0C /* collectionViewController */,
				CF8B74521EE7D83F0019BE0C /* collectionViewControllerTests */,
				CF8B745D1EE7D83F0019BE0C /* collectionViewControllerUITests */,
			);
		};
/* End PBXProject section */

/* Begin PBXResourcesBuildPhase section */
		CF8B743D1EE7D83E0019BE0C /* Resources */ = {
			isa = PBXResourcesBuildPhase;
			buildActionMask = 2147483647;
			files = (
				CF8B744D1EE7D83F0019BE0C /* LaunchScreen.storyboard in Resources */,
				CF3F0C931EE818D900001BE9 /* image13.jpg in Resources */,
				CF3F0CA31EE8318C00001BE9 /* image18.jpg in Resources */,
				CF8B749D1EE7EE2E0019BE0C /* image5.jpg in Resources */,
				CF8B749E1EE7EE2E0019BE0C /* image6.jpg in Resources */,
				CF8B749A1EE7EE2E0019BE0C /* image2.jpeg in Resources */,
				CF8B749C1EE7EE2E0019BE0C /* image4.jpeg in Resources */,
				CF8B74981EE7EE2E0019BE0C /* image10.jpeg in Resources */,
				CF3F0CA61EE8318C00001BE9 /* image21.jpg in Resources */,
				CF8B744A1EE7D83F0019BE0C /* Assets.xcassets in Resources */,
				CF8B74481EE7D83F0019BE0C /* Main.storyboard in Resources */,
				CF3F0CA51EE8318C00001BE9 /* image20.jpg in Resources */,
				CF8B749B1EE7EE2E0019BE0C /* image3.jpeg in Resources */,
				CF3F0CA11EE8318C00001BE9 /* image16.jpg in Resources */,
				CF3F0CA21EE8318C00001BE9 /* image17.jpeg in Resources */,
				CF3F0CA41EE8318C00001BE9 /* image19.jpg in Resources */,
				CF8B74A01EE7EE2E0019BE0C /* image8.jpg in Resources */,
				CF8B74971EE7EE2E0019BE0C /* image1.jpeg in Resources */,
				CF3F0C921EE818D900001BE9 /* image12.jpg in Resources */,
				CF8B74991EE7EE2E0019BE0C /* image11.jpg in Resources */,
				CF8B749F1EE7EE2E0019BE0C /* image7.jpg in Resources */,
				CF3F0C951EE818D900001BE9 /* image15.jpeg in Resources */,
				CF3F0C941EE818D900001BE9 /* image14.jpg in Resources */,
				CF8B74A11EE7EE2E0019BE0C /* image9.jpg in Resources */,
			);
			runOnlyForDeploymentPostprocessing = 0;
		};
		CF8B74511EE7D83F0019BE0C /* Resources */ = {
			isa = PBXResourcesBuildPhase;
			buildActionMask = 2147483647;
			files = (
			);
			runOnlyForDeploymentPostprocessing = 0;
		};
		CF8B745C1EE7D83F0019BE0C /* Resources */ = {
			isa = PBXResourcesBuildPhase;
			buildActionMask = 2147483647;
			files = (
			);
			runOnlyForDeploymentPostprocessing = 0;
		};
/* End PBXResourcesBuildPhase section */

/* Begin PBXSourcesBuildPhase section */
		CF8B743B1EE7D83E0019BE0C /* Sources */ = {
			isa = PBXSourcesBuildPhase;
			buildActionMask = 2147483647;
			files = (
				CF8B74731EE7D9400019BE0C /* CollectionViewController.swift in Sources */,
				CF3F0C991EE82EEC00001BE9 /* AlbumVC.swift in Sources */,
				CF3F0CAA1EE8420600001BE9 /* headerInAlbumVC.swift in Sources */,
				CF8B74431EE7D83F0019BE0C /* AppDelegate.swift in Sources */,
				CF3F0C971EE81CE900001BE9 /* ViewController.swift in Sources */,
				CF3F0C8D1EE7FFC100001BE9 /* CollectionViewCell.swift in Sources */,
				CF3F0CA81EE836B400001BE9 /* AlbumCell.swift in Sources */,
			);
			runOnlyForDeploymentPostprocessing = 0;
		};
		CF8B744F1EE7D83F0019BE0C /* Sources */ = {
			isa = PBXSourcesBuildPhase;
			buildActionMask = 2147483647;
			files = (
				CF8B74581EE7D83F0019BE0C /* collectionViewControllerTests.swift in Sources */,
			);
			runOnlyForDeploymentPostprocessing = 0;
		};
		CF8B745A1EE7D83F0019BE0C /* Sources */ = {
			isa = PBXSourcesBuildPhase;
			buildActionMask = 2147483647;
			files = (
				CF8B74631EE7D83F0019BE0C /* collectionViewControllerUITests.swift in Sources */,
			);
			runOnlyForDeploymentPostprocessing = 0;
		};
/* End PBXSourcesBuildPhase section */

/* Begin PBXTargetDependency section */
		CF8B74551EE7D83F0019BE0C /* PBXTargetDependency */ = {
			isa = PBXTargetDependency;
			target = CF8B743E1EE7D83E0019BE0C /* collectionViewController */;
			targetProxy = CF8B74541EE7D83F0019BE0C /* PBXContainerItemProxy */;
		};
		CF8B74601EE7D83F0019BE0C /* PBXTargetDependency */ = {
			isa = PBXTargetDependency;
			target = CF8B743E1EE7D83E0019BE0C /* collectionViewController */;
			targetProxy = CF8B745F1EE7D83F0019BE0C /* PBXContainerItemProxy */;
		};
/* End PBXTargetDependency section */

/* Begin PBXVariantGroup section */
		CF8B74461EE7D83F0019BE0C /* Main.storyboard */ = {
			isa = PBXVariantGroup;
			children = (
				CF8B74471EE7D83F0019BE0C /* Base */,
			);
			name = Main.storyboard;
			sourceTree = "<group>";
		};
		CF8B744B1EE7D83F0019BE0C /* LaunchScreen.storyboard */ = {
			isa = PBXVariantGroup;
			children = (
				CF8B744C1EE7D83F0019BE0C /* Base */,
			);
			name = LaunchScreen.storyboard;
			sourceTree = "<group>";
		};
/* End PBXVariantGroup section */

/* Begin XCBuildConfiguration section */
		CF8B74651EE7D83F0019BE0C /* Debug */ = {
			isa = XCBuildConfiguration;
			buildSettings = {
				ALWAYS_SEARCH_USER_PATHS = NO;
				CLANG_ANALYZER_NONNULL = YES;
				CLANG_ANALYZER_NUMBER_OBJECT_CONVERSION = YES_AGGRESSIVE;
				CLANG_CXX_LANGUAGE_STANDARD = "gnu++0x";
				CLANG_CXX_LIBRARY = "libc++";
				CLANG_ENABLE_MODULES = YES;
				CLANG_ENABLE_OBJC_ARC = YES;
				CLANG_WARN_BOOL_CONVERSION = YES;
				CLANG_WARN_CONSTANT_CONVERSION = YES;
				CLANG_WARN_DIRECT_OBJC_ISA_USAGE = YES_ERROR;
				CLANG_WARN_DOCUMENTATION_COMMENTS = YES;
				CLANG_WARN_EMPTY_BODY = YES;
				CLANG_WARN_ENUM_CONVERSION = YES;
				CLANG_WARN_INFINITE_RECURSION = YES;
				CLANG_WARN_INT_CONVERSION = YES;
				CLANG_WARN_OBJC_ROOT_CLASS = YES_ERROR;
				CLANG_WARN_SUSPICIOUS_MOVE = YES;
				CLANG_WARN_UNREACHABLE_CODE = YES;
				CLANG_WARN__DUPLICATE_METHOD_MATCH = YES;
				"CODE_SIGN_IDENTITY[sdk=iphoneos*]" = "iPhone Developer";
				COPY_PHASE_STRIP = NO;
				DEBUG_INFORMATION_FORMAT = dwarf;
				ENABLE_STRICT_OBJC_MSGSEND = YES;
				ENABLE_TESTABILITY = YES;
				GCC_C_LANGUAGE_STANDARD = gnu99;
				GCC_DYNAMIC_NO_PIC = NO;
				GCC_NO_COMMON_BLOCKS = YES;
				GCC_OPTIMIZATION_LEVEL = 0;
				GCC_PREPROCESSOR_DEFINITIONS = (
					"DEBUG=1",
					"$(inherited)",
				);
				GCC_WARN_64_TO_32_BIT_CONVERSION = YES;
				GCC_WARN_ABOUT_RETURN_TYPE = YES_ERROR;
				GCC_WARN_UNDECLARED_SELECTOR = YES;
				GCC_WARN_UNINITIALIZED_AUTOS = YES_AGGRESSIVE;
				GCC_WARN_UNUSED_FUNCTION = YES;
				GCC_WARN_UNUSED_VARIABLE = YES;
				IPHONEOS_DEPLOYMENT_TARGET = 10.3;
				MTL_ENABLE_DEBUG_INFO = YES;
				ONLY_ACTIVE_ARCH = YES;
				SDKROOT = iphoneos;
				SWIFT_ACTIVE_COMPILATION_CONDITIONS = DEBUG;
				SWIFT_OPTIMIZATION_LEVEL = "-Onone";
			};
			name = Debug;
		};
		CF8B74661EE7D83F0019BE0C /* Release */ = {
			isa = XCBuildConfiguration;
			buildSettings = {
				ALWAYS_SEARCH_USER_PATHS = NO;
				CLANG_ANALYZER_NONNULL = YES;
				CLANG_ANALYZER_NUMBER_OBJECT_CONVERSION = YES_AGGRESSIVE;
				CLANG_CXX_LANGUAGE_STANDARD = "gnu++0x";
				CLANG_CXX_LIBRARY = "libc++";
				CLANG_ENABLE_MODULES = YES;
				CLANG_ENABLE_OBJC_ARC = YES;
				CLANG_WARN_BOOL_CONVERSION = YES;
				CLANG_WARN_CONSTANT_CONVERSION = YES;
				CLANG_WARN_DIRECT_OBJC_ISA_USAGE = YES_ERROR;
				CLANG_WARN_DOCUMENTATION_COMMENTS = YES;
				CLANG_WARN_EMPTY_BODY = YES;
				CLANG_WARN_ENUM_CONVERSION = YES;
				CLANG_WARN_INFINITE_RECURSION = YES;
				CLANG_WARN_INT_CONVERSION = YES;
				CLANG_WARN_OBJC_ROOT_CLASS = YES_ERROR;
				CLANG_WARN_SUSPICIOUS_MOVE = YES;
				CLANG_WARN_UNREACHABLE_CODE = YES;
				CLANG_WARN__DUPLICATE_METHOD_MATCH = YES;
				"CODE_SIGN_IDENTITY[sdk=iphoneos*]" = "iPhone Developer";
				COPY_PHASE_STRIP = NO;
				DEBUG_INFORMATION_FORMAT = "dwarf-with-dsym";
				ENABLE_NS_ASSERTIONS = NO;
				ENABLE_STRICT_OBJC_MSGSEND = YES;
				GCC_C_LANGUAGE_STANDARD = gnu99;
				GCC_NO_COMMON_BLOCKS = YES;
				GCC_WARN_64_TO_32_BIT_CONVERSION = YES;
				GCC_WARN_ABOUT_RETURN_TYPE = YES_ERROR;
				GCC_WARN_UNDECLARED_SELECTOR = YES;
				GCC_WARN_UNINITIALIZED_AUTOS = YES_AGGRESSIVE;
				GCC_WARN_UNUSED_FUNCTION = YES;
				GCC_WARN_UNUSED_VARIABLE = YES;
				IPHONEOS_DEPLOYMENT_TARGET = 10.3;
				MTL_ENABLE_DEBUG_INFO = NO;
				SDKROOT = iphoneos;
				SWIFT_OPTIMIZATION_LEVEL = "-Owholemodule";
				VALIDATE_PRODUCT = YES;
			};
			name = Release;
		};
		CF8B74681EE7D83F0019BE0C /* Debug */ = {
			isa = XCBuildConfiguration;
			buildSettings = {
				ASSETCATALOG_COMPILER_APPICON_NAME = AppIcon;
				DEVELOPMENT_TEAM = 2L6QV2N95T;
				INFOPLIST_FILE = collectionViewController/Info.plist;
				LD_RUNPATH_SEARCH_PATHS = "$(inherited) @executable_path/Frameworks";
				PRODUCT_BUNDLE_IDENTIFIER = com.luthfifathurrahman.collectionViewController;
				PRODUCT_NAME = "$(TARGET_NAME)";
				SWIFT_VERSION = 3.0;
			};
			name = Debug;
		};
		CF8B74691EE7D83F0019BE0C /* Release */ = {
			isa = XCBuildConfiguration;
			buildSettings = {
				ASSETCATALOG_COMPILER_APPICON_NAME = AppIcon;
				DEVELOPMENT_TEAM = 2L6QV2N95T;
				INFOPLIST_FILE = collectionViewController/Info.plist;
				LD_RUNPATH_SEARCH_PATHS = "$(inherited) @executable_path/Frameworks";
				PRODUCT_BUNDLE_IDENTIFIER = com.luthfifathurrahman.collectionViewController;
				PRODUCT_NAME = "$(TARGET_NAME)";
				SWIFT_VERSION = 3.0;
			};
			name = Release;
		};
		CF8B746B1EE7D83F0019BE0C /* Debug */ = {
			isa = XCBuildConfiguration;
			buildSettings = {
				ALWAYS_EMBED_SWIFT_STANDARD_LIBRARIES = YES;
				BUNDLE_LOADER = "$(TEST_HOST)";
				DEVELOPMENT_TEAM = 2L6QV2N95T;
				INFOPLIST_FILE = collectionViewControllerTests/Info.plist;
				LD_RUNPATH_SEARCH_PATHS = "$(inherited) @executable_path/Frameworks @loader_path/Frameworks";
				PRODUCT_BUNDLE_IDENTIFIER = com.luthfifathurrahman.collectionViewControllerTests;
				PRODUCT_NAME = "$(TARGET_NAME)";
				SWIFT_VERSION = 3.0;
				TEST_HOST = "$(BUILT_PRODUCTS_DIR)/collectionViewController.app/collectionViewController";
			};
			name = Debug;
		};
		CF8B746C1EE7D83F0019BE0C /* Release */ = {
			isa = XCBuildConfiguration;
			buildSettings = {
				ALWAYS_EMBED_SWIFT_STANDARD_LIBRARIES = YES;
				BUNDLE_LOADER = "$(TEST_HOST)";
				DEVELOPMENT_TEAM = 2L6QV2N95T;
				INFOPLIST_FILE = collectionViewControllerTests/Info.plist;
				LD_RUNPATH_SEARCH_PATHS = "$(inherited) @executable_path/Frameworks @loader_path/Frameworks";
				PRODUCT_BUNDLE_IDENTIFIER = com.luthfifathurrahman.collectionViewControllerTests;
				PRODUCT_NAME = "$(TARGET_NAME)";
				SWIFT_VERSION = 3.0;
				TEST_HOST = "$(BUILT_PRODUCTS_DIR)/collectionViewController.app/collectionViewController";
			};
			name = Release;
		};
		CF8B746E1EE7D83F0019BE0C /* Debug */ = {
			isa = XCBuildConfiguration;
			buildSettings = {
				ALWAYS_EMBED_SWIFT_STANDARD_LIBRARIES = YES;
				DEVELOPMENT_TEAM = 2L6QV2N95T;
				INFOPLIST_FILE = collectionViewControllerUITests/Info.plist;
				LD_RUNPATH_SEARCH_PATHS = "$(inherited) @executable_path/Frameworks @loader_path/Frameworks";
				PRODUCT_BUNDLE_IDENTIFIER = com.luthfifathurrahman.collectionViewControllerUITests;
				PRODUCT_NAME = "$(TARGET_NAME)";
				SWIFT_VERSION = 3.0;
				TEST_TARGET_NAME = collectionViewController;
			};
			name = Debug;
		};
		CF8B746F1EE7D83F0019BE0C /* Release */ = {
			isa = XCBuildConfiguration;
			buildSettings = {
				ALWAYS_EMBED_SWIFT_STANDARD_LIBRARIES = YES;
				DEVELOPMENT_TEAM = 2L6QV2N95T;
				INFOPLIST_FILE = collectionViewControllerUITests/Info.plist;
				LD_RUNPATH_SEARCH_PATHS = "$(inherited) @executable_path/Frameworks @loader_path/Frameworks";
				PRODUCT_BUNDLE_IDENTIFIER = com.luthfifathurrahman.collectionViewControllerUITests;
				PRODUCT_NAME = "$(TARGET_NAME)";
				SWIFT_VERSION = 3.0;
				TEST_TARGET_NAME = collectionViewController;
			};
			name = Release;
		};
/* End XCBuildConfiguration section */

/* Begin XCConfigurationList section */
		CF8B743A1EE7D83E0019BE0C /* Build configuration list for PBXProject "collectionViewController" */ = {
			isa = XCConfigurationList;
			buildConfigurations = (
				CF8B74651EE7D83F0019BE0C /* Debug */,
				CF8B74661EE7D83F0019BE0C /* Release */,
			);
			defaultConfigurationIsVisible = 0;
			defaultConfigurationName = Release;
		};
		CF8B74671EE7D83F0019BE0C /* Build configuration list for PBXNativeTarget "collectionViewController" */ = {
			isa = XCConfigurationList;
			buildConfigurations = (
				CF8B74681EE7D83F0019BE0C /* Debug */,
				CF8B74691EE7D83F0019BE0C /* Release */,
			);
			defaultConfigurationIsVisible = 0;
			defaultConfigurationName = Release;
		};
		CF8B746A1EE7D83F0019BE0C /* Build configuration list for PBXNativeTarget "collectionViewControllerTests" */ = {
			isa = XCConfigurationList;
			buildConfigurations = (
				CF8B746B1EE7D83F0019BE0C /* Debug */,
				CF8B746C1EE7D83F0019BE0C /* Release */,
			);
			defaultConfigurationIsVisible = 0;
			defaultConfigurationName = Release;
		};
		CF8B746D1EE7D83F0019BE0C /* Build configuration list for PBXNativeTarget "collectionViewControllerUITests" */ = {
			isa = XCConfigurationList;
			buildConfigurations = (
				CF8B746E1EE7D83F0019BE0C /* Debug */,
				CF8B746F1EE7D83F0019BE0C /* Release */,
			);
			defaultConfigurationIsVisible = 0;
			defaultConfigurationName = Release;
		};
/* End XCConfigurationList section */
	};
	rootObject = CF8B74371EE7D83E0019BE0C /* Project object */;
}
